
Microsoft Visual Studio Solution File, Format Version 12.00
# Visual Studio 15
VisualStudioVersion = 15.0.26730.16
MinimumVisualStudioVersion = 10.0.40219.1
Project("{FAE04EC0-301F-11D3-BF4B-00C04F79EFBC}") = "ComicBookGallery", "ComicBookGallery\ComicBookGallery.csproj", "{462ADA8E-62D0-4BAE-AA4D-A3054D3451C0}"
EndProject
Global
	GlobalSection(SolutionConfigurationPlatforms) = preSolution
		Debug|Any CPU = Debug|Any CPU
		Release|Any CPU = Release|Any CPU
	EndGlobalSection
	GlobalSection(ProjectConfigurationPlatforms) = postSolution
		{462ADA8E-62D0-4BAE-AA4D-A3054D3451C0}.Debug|Any CPU.ActiveCfg = Debug|Any CPU
		{462ADA8E-62D0-4BAE-AA4D-A3054D3451C0}.Debug|Any CPU.Build.0 = Debug|Any CPU
		{462ADA8E-62D0-4BAE-AA4D-A3054D3451C0}.Release|Any CPU.ActiveCfg = Release|Any CPU
		{462ADA8E-62D0-4BAE-AA4D-A3054D3451C0}.Release|Any CPU.Build.0 = Release|Any CPU
	EndGlobalSection
	GlobalSection(SolutionProperties) = preSolution
		HideSolutionNode = FALSE
	EndGlobalSection
	GlobalSection(ExtensibilityGlobals) = postSolution
		SolutionGuid = {185345F9-C9AC-43BC-B56F-6D988DC4E7CC}
	EndGlobalSection
EndGlobal
